
Microsoft Visual Studio Solution File, Format Version 12.00
# Visual Studio 14
VisualStudioVersion = 14.0.25420.1
MinimumVisualStudioVersion = 10.0.40219.1
Project("{FAE04EC0-301F-11D3-BF4B-00C04F79EFBC}") = "DataAccessLayer", "DataAccessLayer\DataAccessLayer.csproj", "{09A239EA-082D-44CB-ABB9-9DC7996E5447}"
EndProject
Project("{FAE04EC0-301F-11D3-BF4B-00C04F79EFBC}") = "BusinessLayer", "BusinessLayer\BusinessLayer.csproj", "{3BDF8C93-440C-452D-AD46-BCFBECECEF86}"
EndProject
Project("{FAE04EC0-301F-11D3-BF4B-00C04F79EFBC}") = "WebApp", "WebApp\WebApp.csproj", "{92771118-BF12-4AEF-A4B5-F0A9B787BB3A}"
EndProject
Global
	GlobalSection(SolutionConfigurationPlatforms) = preSolution
		Debug|Any CPU = Debug|Any CPU
		Release|Any CPU = Release|Any CPU
	EndGlobalSection
	GlobalSection(ProjectConfigurationPlatforms) = postSolution
		{09A239EA-082D-44CB-ABB9-9DC7996E5447}.Debug|Any CPU.ActiveCfg = Debug|Any CPU
		{09A239EA-082D-44CB-ABB9-9DC7996E5447}.Debug|Any CPU.Build.0 = Debug|Any CPU
		{09A239EA-082D-44CB-ABB9-9DC7996E5447}.Release|Any CPU.ActiveCfg = Release|Any CPU
		{09A239EA-082D-44CB-ABB9-9DC7996E5447}.Release|Any CPU.Build.0 = Release|Any CPU
		{3BDF8C93-440C-452D-AD46-BCFBECECEF86}.Debug|Any CPU.ActiveCfg = Debug|Any CPU
		{3BDF8C93-440C-452D-AD46-BCFBECECEF86}.Debug|Any CPU.Build.0 = Debug|Any CPU
		{3BDF8C93-440C-452D-AD46-BCFBECECEF86}.Release|Any CPU.ActiveCfg = Release|Any CPU
		{3BDF8C93-440C-452D-AD46-BCFBECECEF86}.Release|Any CPU.Build.0 = Release|Any CPU
		{92771118-BF12-4AEF-A4B5-F0A9B787BB3A}.Debug|Any CPU.ActiveCfg = Debug|Any CPU
		{92771118-BF12-4AEF-A4B5-F0A9B787BB3A}.Debug|Any CPU.Build.0 = Debug|Any CPU
		{92771118-BF12-4AEF-A4B5-F0A9B787BB3A}.Release|Any CPU.ActiveCfg = Release|Any CPU
		{92771118-BF12-4AEF-A4B5-F0A9B787BB3A}.Release|Any CPU.Build.0 = Release|Any CPU
	EndGlobalSection
	GlobalSection(SolutionProperties) = preSolution
		HideSolutionNode = FALSE
	EndGlobalSection
EndGlobal
